
Microsoft Visual Studio Solution File, Format Version 12.00
# Visual Studio Version 16
VisualStudioVersion = 16.0.28803.352
MinimumVisualStudioVersion = 10.0.40219.1
Project("{FAE04EC0-301F-11D3-BF4B-00C04F79EFBC}") = "Enza.UTM.DbUp", "Enza.UTM.DbUp\Enza.UTM.DbUp.csproj", "{41D0D67A-9829-42DE-9948-3B9093D1FA6F}"
EndProject
Project("{FAE04EC0-301F-11D3-BF4B-00C04F79EFBC}") = "Enza.UTM.Entities", "Enza.UTM.Entities\Enza.UTM.Entities.csproj", "{44EF24B2-690C-47CB-B70F-D668ED8C5582}"
EndProject
Project("{FAE04EC0-301F-11D3-BF4B-00C04F79EFBC}") = "Enza.UTM.Tests", "Enza.UTM.Tests\Enza.UTM.Tests.csproj", "{50D98267-CFAD-4A51-93D4-36CA403564B4}"
EndProject
Project("{FAE04EC0-301F-11D3-BF4B-00C04F79EFBC}") = "Enza.UTM.Web", "Enza.UTM.Web\Enza.UTM.Web.csproj", "{253F6E42-6C09-442B-B494-76BE2F0FAAEB}"
EndProject
Project("{FAE04EC0-301F-11D3-BF4B-00C04F79EFBC}") = "Enza.UTM.Web.Services", "Enza.UTM.Web.Services\Enza.UTM.Web.Services.csproj", "{DF977E00-D5CE-4683-9FDA-466E6F5C8B77}"
EndProject
Project("{FAE04EC0-301F-11D3-BF4B-00C04F79EFBC}") = "Enza.UTM.Web.Services.Soap", "Enza.UTM.Web.Services.Soap\Enza.UTM.Web.Services.Soap.csproj", "{7C1A1400-868A-4B0E-A0BB-D1B807D9E136}"
EndProject
Project("{FAE04EC0-301F-11D3-BF4B-00C04F79EFBC}") = "Enza.UTM.BusinessAccess.Planning", "Enza.UTM.BusinessAccess.Planning\Enza.UTM.BusinessAccess.Planning.csproj", "{4C0DB215-1976-423F-9BE2-7D474DB7B150}"
EndProject
Project("{FAE04EC0-301F-11D3-BF4B-00C04F79EFBC}") = "Enza.UTM.Web.Services.Planning", "Enza.UTM.Web.Services.Planning\Enza.UTM.Web.Services.Planning.csproj", "{ABF3D78A-0C0A-45A2-96B8-0E8E78B95775}"
EndProject
Project("{2150E333-8FDC-42A3-9474-1A3956D46DE8}") = "Planning", "Planning", "{89B6D10A-1841-420C-AB13-4531BF9051B9}"
EndProject
Project("{FAE04EC0-301F-11D3-BF4B-00C04F79EFBC}") = "Enza.UTM.DataAccess.Data.Planning", "Enza.UTM.DataAccess.Data.Planning\Enza.UTM.DataAccess.Data.Planning.csproj", "{92BFD9B2-FE6B-4209-B659-877265F2A616}"
EndProject
Project("{FAE04EC0-301F-11D3-BF4B-00C04F79EFBC}") = "Enza.UTM.BusinessAccess", "Enza.UTM.BusinessAccess\Enza.UTM.BusinessAccess.csproj", "{1675CFEF-4114-42B3-8EC2-9E1AD2C597AE}"
EndProject
Project("{FAE04EC0-301F-11D3-BF4B-00C04F79EFBC}") = "Enza.UTM.DataAccess", "Enza.UTM.DataAccess\Enza.UTM.DataAccess.csproj", "{3843BD74-B6CC-489C-B255-384106C4B67B}"
EndProject
Project("{FAE04EC0-301F-11D3-BF4B-00C04F79EFBC}") = "Enza.UTM.DataAccess.Data", "Enza.UTM.DataAccess.Data\Enza.UTM.DataAccess.Data.csproj", "{6B5FE61C-840B-4C05-9BCD-EE625A55BFDA}"
EndProject
Project("{FAE04EC0-301F-11D3-BF4B-00C04F79EFBC}") = "Enza.UTM.Common", "Enza.UTM.Common\Enza.UTM.Common.csproj", "{15A83210-040C-4245-A102-ED1845AB574B}"
EndProject
Project("{FAE04EC0-301F-11D3-BF4B-00C04F79EFBC}") = "Enza.UTM.Services", "Enza.UTM.DataAccess.Services\Enza.UTM.Services.csproj", "{597E8F9C-4266-4445-87E2-92D3DEED8C02}"
EndProject
Project("{2150E333-8FDC-42A3-9474-1A3956D46DE8}") = "SendResult", "SendResult", "{C34AFDA1-A6E9-4CF8-9F86-B3532D648E23}"
EndProject
Project("{FAE04EC0-301F-11D3-BF4B-00C04F79EFBC}") = "Enza.UTM.SendResult", "Enza.UTM.SendResult\Enza.UTM.SendResult.csproj", "{40962DF7-FD7A-412A-8E47-7D012BA15F5B}"
EndProject
Project("{FAE04EC0-301F-11D3-BF4B-00C04F79EFBC}") = "Enza.UTM.Web.Services.Core", "Enza.UTM.Web.Services.Core\Enza.UTM.Web.Services.Core.csproj", "{DB9B7195-633F-4D2B-8582-260898F1FDAD}"
EndProject
Project("{2150E333-8FDC-42A3-9474-1A3956D46DE8}") = "ExternalServices", "ExternalServices", "{A7F029F8-0A1A-479D-98EF-DD85D4EF0C38}"
EndProject
Project("{FAE04EC0-301F-11D3-BF4B-00C04F79EFBC}") = "Enza.UTM.Web.Services.Externals", "Enza.UTM.Web.Services.Externals\Enza.UTM.Web.Services.Externals.csproj", "{DCC05C6D-EA34-44A1-873E-EC67419E9690}"
EndProject
Project("{FAE04EC0-301F-11D3-BF4B-00C04F79EFBC}") = "Enza.UTM.DataAccess.Data.Externals", "Enza.UTM.DataAccess.Data.Externals\Enza.UTM.DataAccess.Data.Externals.csproj", "{37919177-13FB-4717-B959-725B197BDD69}"
EndProject
Project("{FAE04EC0-301F-11D3-BF4B-00C04F79EFBC}") = "Enza.UTM.BusinessAccess.Externals", "Enza.UTM.BusinessAccess.Externals\Enza.UTM.BusinessAccess.Externals.csproj", "{EC2EE911-D4BC-43F3-B267-D6EB49D7575E}"
EndProject
Project("{FAE04EC0-301F-11D3-BF4B-00C04F79EFBC}") = "Enza.UTM.Entities.Externals", "Enza.UTM.Entities.Externals\Enza.UTM.Entities.Externals.csproj", "{F8754454-4AC6-47CE-9FDF-11515CD71C3F}"
EndProject
Project("{2150E333-8FDC-42A3-9474-1A3956D46DE8}") = "CreateDH0", "CreateDH0", "{E50E9386-E356-45DF-8A7D-BBB7E2B19420}"
EndProject
Project("{FAE04EC0-301F-11D3-BF4B-00C04F79EFBC}") = "Enza.UTM.CreateDH0", "Enza.UTM.CreateDH0\Enza.UTM.CreateDH0.csproj", "{4802BBED-4146-4A89-A301-960736756FD7}"
EndProject
Global
	GlobalSection(SolutionConfigurationPlatforms) = preSolution
		Debug|Any CPU = Debug|Any CPU
		Release|Any CPU = Release|Any CPU
	EndGlobalSection
	GlobalSection(ProjectConfigurationPlatforms) = postSolution
		{41D0D67A-9829-42DE-9948-3B9093D1FA6F}.Debug|Any CPU.ActiveCfg = Debug|Any CPU
		{41D0D67A-9829-42DE-9948-3B9093D1FA6F}.Debug|Any CPU.Build.0 = Debug|Any CPU
		{41D0D67A-9829-42DE-9948-3B9093D1FA6F}.Release|Any CPU.ActiveCfg = Release|Any CPU
		{41D0D67A-9829-42DE-9948-3B9093D1FA6F}.Release|Any CPU.Build.0 = Release|Any CPU
		{44EF24B2-690C-47CB-B70F-D668ED8C5582}.Debug|Any CPU.ActiveCfg = Debug|Any CPU
		{44EF24B2-690C-47CB-B70F-D668ED8C5582}.Debug|Any CPU.Build.0 = Debug|Any CPU
		{44EF24B2-690C-47CB-B70F-D668ED8C5582}.Release|Any CPU.ActiveCfg = Release|Any CPU
		{44EF24B2-690C-47CB-B70F-D668ED8C5582}.Release|Any CPU.Build.0 = Release|Any CPU
		{50D98267-CFAD-4A51-93D4-36CA403564B4}.Debug|Any CPU.ActiveCfg = Debug|Any CPU
		{50D98267-CFAD-4A51-93D4-36CA403564B4}.Debug|Any CPU.Build.0 = Debug|Any CPU
		{50D98267-CFAD-4A51-93D4-36CA403564B4}.Release|Any CPU.ActiveCfg = Release|Any CPU
		{50D98267-CFAD-4A51-93D4-36CA403564B4}.Release|Any CPU.Build.0 = Release|Any CPU
		{253F6E42-6C09-442B-B494-76BE2F0FAAEB}.Debug|Any CPU.ActiveCfg = Debug|Any CPU
		{253F6E42-6C09-442B-B494-76BE2F0FAAEB}.Debug|Any CPU.Build.0 = Debug|Any CPU
		{253F6E42-6C09-442B-B494-76BE2F0FAAEB}.Release|Any CPU.ActiveCfg = Release|Any CPU
		{253F6E42-6C09-442B-B494-76BE2F0FAAEB}.Release|Any CPU.Build.0 = Release|Any CPU
		{DF977E00-D5CE-4683-9FDA-466E6F5C8B77}.Debug|Any CPU.ActiveCfg = Debug|Any CPU
		{DF977E00-D5CE-4683-9FDA-466E6F5C8B77}.Debug|Any CPU.Build.0 = Debug|Any CPU
		{DF977E00-D5CE-4683-9FDA-466E6F5C8B77}.Release|Any CPU.ActiveCfg = Release|Any CPU
		{DF977E00-D5CE-4683-9FDA-466E6F5C8B77}.Release|Any CPU.Build.0 = Release|Any CPU
		{7C1A1400-868A-4B0E-A0BB-D1B807D9E136}.Debug|Any CPU.ActiveCfg = Debug|Any CPU
		{7C1A1400-868A-4B0E-A0BB-D1B807D9E136}.Debug|Any CPU.Build.0 = Debug|Any CPU
		{7C1A1400-868A-4B0E-A0BB-D1B807D9E136}.Release|Any CPU.ActiveCfg = Release|Any CPU
		{7C1A1400-868A-4B0E-A0BB-D1B807D9E136}.Release|Any CPU.Build.0 = Release|Any CPU
		{4C0DB215-1976-423F-9BE2-7D474DB7B150}.Debug|Any CPU.ActiveCfg = Debug|Any CPU
		{4C0DB215-1976-423F-9BE2-7D474DB7B150}.Debug|Any CPU.Build.0 = Debug|Any CPU
		{4C0DB215-1976-423F-9BE2-7D474DB7B150}.Release|Any CPU.ActiveCfg = Release|Any CPU
		{4C0DB215-1976-423F-9BE2-7D474DB7B150}.Release|Any CPU.Build.0 = Release|Any CPU
		{ABF3D78A-0C0A-45A2-96B8-0E8E78B95775}.Debug|Any CPU.ActiveCfg = Debug|Any CPU
		{ABF3D78A-0C0A-45A2-96B8-0E8E78B95775}.Debug|Any CPU.Build.0 = Debug|Any CPU
		{ABF3D78A-0C0A-45A2-96B8-0E8E78B95775}.Release|Any CPU.ActiveCfg = Release|Any CPU
		{ABF3D78A-0C0A-45A2-96B8-0E8E78B95775}.Release|Any CPU.Build.0 = Release|Any CPU
		{92BFD9B2-FE6B-4209-B659-877265F2A616}.Debug|Any CPU.ActiveCfg = Debug|Any CPU
		{92BFD9B2-FE6B-4209-B659-877265F2A616}.Debug|Any CPU.Build.0 = Debug|Any CPU
		{92BFD9B2-FE6B-4209-B659-877265F2A616}.Release|Any CPU.ActiveCfg = Release|Any CPU
		{92BFD9B2-FE6B-4209-B659-877265F2A616}.Release|Any CPU.Build.0 = Release|Any CPU
		{1675CFEF-4114-42B3-8EC2-9E1AD2C597AE}.Debug|Any CPU.ActiveCfg = Debug|Any CPU
		{1675CFEF-4114-42B3-8EC2-9E1AD2C597AE}.Debug|Any CPU.Build.0 = Debug|Any CPU
		{1675CFEF-4114-42B3-8EC2-9E1AD2C597AE}.Release|Any CPU.ActiveCfg = Release|Any CPU
		{1675CFEF-4114-42B3-8EC2-9E1AD2C597AE}.Release|Any CPU.Build.0 = Release|Any CPU
		{3843BD74-B6CC-489C-B255-384106C4B67B}.Debug|Any CPU.ActiveCfg = Debug|Any CPU
		{3843BD74-B6CC-489C-B255-384106C4B67B}.Debug|Any CPU.Build.0 = Debug|Any CPU
		{3843BD74-B6CC-489C-B255-384106C4B67B}.Release|Any CPU.ActiveCfg = Release|Any CPU
		{3843BD74-B6CC-489C-B255-384106C4B67B}.Release|Any CPU.Build.0 = Release|Any CPU
		{6B5FE61C-840B-4C05-9BCD-EE625A55BFDA}.Debug|Any CPU.ActiveCfg = Debug|Any CPU
		{6B5FE61C-840B-4C05-9BCD-EE625A55BFDA}.Debug|Any CPU.Build.0 = Debug|Any CPU
		{6B5FE61C-840B-4C05-9BCD-EE625A55BFDA}.Release|Any CPU.ActiveCfg = Release|Any CPU
		{6B5FE61C-840B-4C05-9BCD-EE625A55BFDA}.Release|Any CPU.Build.0 = Release|Any CPU
		{15A83210-040C-4245-A102-ED1845AB574B}.Debug|Any CPU.ActiveCfg = Debug|Any CPU
		{15A83210-040C-4245-A102-ED1845AB574B}.Debug|Any CPU.Build.0 = Debug|Any CPU
		{15A83210-040C-4245-A102-ED1845AB574B}.Release|Any CPU.ActiveCfg = Release|Any CPU
		{15A83210-040C-4245-A102-ED1845AB574B}.Release|Any CPU.Build.0 = Release|Any CPU
		{597E8F9C-4266-4445-87E2-92D3DEED8C02}.Debug|Any CPU.ActiveCfg = Debug|Any CPU
		{597E8F9C-4266-4445-87E2-92D3DEED8C02}.Debug|Any CPU.Build.0 = Debug|Any CPU
		{597E8F9C-4266-4445-87E2-92D3DEED8C02}.Release|Any CPU.ActiveCfg = Release|Any CPU
		{597E8F9C-4266-4445-87E2-92D3DEED8C02}.Release|Any CPU.Build.0 = Release|Any CPU
		{40962DF7-FD7A-412A-8E47-7D012BA15F5B}.Debug|Any CPU.ActiveCfg = Debug|Any CPU
		{40962DF7-FD7A-412A-8E47-7D012BA15F5B}.Debug|Any CPU.Build.0 = Debug|Any CPU
		{40962DF7-FD7A-412A-8E47-7D012BA15F5B}.Release|Any CPU.ActiveCfg = Release|Any CPU
		{40962DF7-FD7A-412A-8E47-7D012BA15F5B}.Release|Any CPU.Build.0 = Release|Any CPU
		{DB9B7195-633F-4D2B-8582-260898F1FDAD}.Debug|Any CPU.ActiveCfg = Debug|Any CPU
		{DB9B7195-633F-4D2B-8582-260898F1FDAD}.Debug|Any CPU.Build.0 = Debug|Any CPU
		{DB9B7195-633F-4D2B-8582-260898F1FDAD}.Release|Any CPU.ActiveCfg = Release|Any CPU
		{DB9B7195-633F-4D2B-8582-260898F1FDAD}.Release|Any CPU.Build.0 = Release|Any CPU
		{DCC05C6D-EA34-44A1-873E-EC67419E9690}.Debug|Any CPU.ActiveCfg = Debug|Any CPU
		{DCC05C6D-EA34-44A1-873E-EC67419E9690}.Debug|Any CPU.Build.0 = Debug|Any CPU
		{DCC05C6D-EA34-44A1-873E-EC67419E9690}.Release|Any CPU.ActiveCfg = Release|Any CPU
		{DCC05C6D-EA34-44A1-873E-EC67419E9690}.Release|Any CPU.Build.0 = Release|Any CPU
		{37919177-13FB-4717-B959-725B197BDD69}.Debug|Any CPU.ActiveCfg = Debug|Any CPU
		{37919177-13FB-4717-B959-725B197BDD69}.Debug|Any CPU.Build.0 = Debug|Any CPU
		{37919177-13FB-4717-B959-725B197BDD69}.Release|Any CPU.ActiveCfg = Release|Any CPU
		{37919177-13FB-4717-B959-725B197BDD69}.Release|Any CPU.Build.0 = Release|Any CPU
		{EC2EE911-D4BC-43F3-B267-D6EB49D7575E}.Debug|Any CPU.ActiveCfg = Debug|Any CPU
		{EC2EE911-D4BC-43F3-B267-D6EB49D7575E}.Debug|Any CPU.Build.0 = Debug|Any CPU
		{EC2EE911-D4BC-43F3-B267-D6EB49D7575E}.Release|Any CPU.ActiveCfg = Release|Any CPU
		{EC2EE911-D4BC-43F3-B267-D6EB49D7575E}.Release|Any CPU.Build.0 = Release|Any CPU
		{F8754454-4AC6-47CE-9FDF-11515CD71C3F}.Debug|Any CPU.ActiveCfg = Debug|Any CPU
		{F8754454-4AC6-47CE-9FDF-11515CD71C3F}.Debug|Any CPU.Build.0 = Debug|Any CPU
		{F8754454-4AC6-47CE-9FDF-11515CD71C3F}.Release|Any CPU.ActiveCfg = Release|Any CPU
		{F8754454-4AC6-47CE-9FDF-11515CD71C3F}.Release|Any CPU.Build.0 = Release|Any CPU
		{4802BBED-4146-4A89-A301-960736756FD7}.Debug|Any CPU.ActiveCfg = Debug|Any CPU
		{4802BBED-4146-4A89-A301-960736756FD7}.Debug|Any CPU.Build.0 = Debug|Any CPU
		{4802BBED-4146-4A89-A301-960736756FD7}.Release|Any CPU.ActiveCfg = Release|Any CPU
		{4802BBED-4146-4A89-A301-960736756FD7}.Release|Any CPU.Build.0 = Release|Any CPU
	EndGlobalSection
	GlobalSection(SolutionProperties) = preSolution
		HideSolutionNode = FALSE
	EndGlobalSection
	GlobalSection(NestedProjects) = preSolution
		{4C0DB215-1976-423F-9BE2-7D474DB7B150} = {89B6D10A-1841-420C-AB13-4531BF9051B9}
		{ABF3D78A-0C0A-45A2-96B8-0E8E78B95775} = {89B6D10A-1841-420C-AB13-4531BF9051B9}
		{92BFD9B2-FE6B-4209-B659-877265F2A616} = {89B6D10A-1841-420C-AB13-4531BF9051B9}
		{40962DF7-FD7A-412A-8E47-7D012BA15F5B} = {C34AFDA1-A6E9-4CF8-9F86-B3532D648E23}
		{DCC05C6D-EA34-44A1-873E-EC67419E9690} = {A7F029F8-0A1A-479D-98EF-DD85D4EF0C38}
		{37919177-13FB-4717-B959-725B197BDD69} = {A7F029F8-0A1A-479D-98EF-DD85D4EF0C38}
		{EC2EE911-D4BC-43F3-B267-D6EB49D7575E} = {A7F029F8-0A1A-479D-98EF-DD85D4EF0C38}
		{F8754454-4AC6-47CE-9FDF-11515CD71C3F} = {A7F029F8-0A1A-479D-98EF-DD85D4EF0C38}
		{4802BBED-4146-4A89-A301-960736756FD7} = {E50E9386-E356-45DF-8A7D-BBB7E2B19420}
	EndGlobalSection
	GlobalSection(ExtensibilityGlobals) = postSolution
		SolutionGuid = {28CAB270-0629-468D-A2F7-5EF28B505D31}
	EndGlobalSection
EndGlobal
